
Microsoft Visual Studio Solution File, Format Version 12.00
# Visual Studio Version 17
VisualStudioVersion = 17.6.33829.357
MinimumVisualStudioVersion = 10.0.40219.1
Project("{9A19103F-16F7-4668-BE54-9A1E7A4F7556}") = "ShopOnline.Api", "ShopOnline.Api\ShopOnline.Api.csproj", "{AC8F2E85-1879-45B9-BDD1-9F9E139AEC75}"
EndProject
Project("{9A19103F-16F7-4668-BE54-9A1E7A4F7556}") = "ShopOnline.Web", "ShopOnline.Web\ShopOnline.Web.csproj", "{A54B7CBD-C767-435D-BE94-BE6BF9608D73}"
EndProject
Project("{9A19103F-16F7-4668-BE54-9A1E7A4F7556}") = "ShopOnline.Models", "ShopOnline.Models\ShopOnline.Models.csproj", "{D473ADB0-C62F-4ED2-9A5B-E4D828BE49F3}"
EndProject
Global
	GlobalSection(SolutionConfigurationPlatforms) = preSolution
		Debug|Any CPU = Debug|Any CPU
		Release|Any CPU = Release|Any CPU
	EndGlobalSection
	GlobalSection(ProjectConfigurationPlatforms) = postSolution
		{AC8F2E85-1879-45B9-BDD1-9F9E139AEC75}.Debug|Any CPU.ActiveCfg = Debug|Any CPU
		{AC8F2E85-1879-45B9-BDD1-9F9E139AEC75}.Debug|Any CPU.Build.0 = Debug|Any CPU
		{AC8F2E85-1879-45B9-BDD1-9F9E139AEC75}.Release|Any CPU.ActiveCfg = Release|Any CPU
		{AC8F2E85-1879-45B9-BDD1-9F9E139AEC75}.Release|Any CPU.Build.0 = Release|Any CPU
		{A54B7CBD-C767-435D-BE94-BE6BF9608D73}.Debug|Any CPU.ActiveCfg = Debug|Any CPU
		{A54B7CBD-C767-435D-BE94-BE6BF9608D73}.Debug|Any CPU.Build.0 = Debug|Any CPU
		{A54B7CBD-C767-435D-BE94-BE6BF9608D73}.Release|Any CPU.ActiveCfg = Release|Any CPU
		{A54B7CBD-C767-435D-BE94-BE6BF9608D73}.Release|Any CPU.Build.0 = Release|Any CPU
		{D473ADB0-C62F-4ED2-9A5B-E4D828BE49F3}.Debug|Any CPU.ActiveCfg = Debug|Any CPU
		{D473ADB0-C62F-4ED2-9A5B-E4D828BE49F3}.Debug|Any CPU.Build.0 = Debug|Any CPU
		{D473ADB0-C62F-4ED2-9A5B-E4D828BE49F3}.Release|Any CPU.ActiveCfg = Release|Any CPU
		{D473ADB0-C62F-4ED2-9A5B-E4D828BE49F3}.Release|Any CPU.Build.0 = Release|Any CPU
	EndGlobalSection
	GlobalSection(SolutionProperties) = preSolution
		HideSolutionNode = FALSE
	EndGlobalSection
	GlobalSection(ExtensibilityGlobals) = postSolution
		SolutionGuid = {BFC5B587-D4AB-4CF1-ADB3-478C6EA87A12}
	EndGlobalSection
EndGlobal
